
Microsoft Visual Studio Solution File, Format Version 12.00
# Visual Studio Version 17
VisualStudioVersion = 17.10.34916.146
MinimumVisualStudioVersion = 10.0.40219.1
Project("{FAE04EC0-301F-11D3-BF4B-00C04F79EFBC}") = "ShoppingPlanner", "ShoppingPlanner\ShoppingPlanner.csproj", "{CEC1E4A7-1D2B-4378-A1DC-35A00DA88FC1}"
EndProject
Global
	GlobalSection(SolutionConfigurationPlatforms) = preSolution
		Debug|Any CPU = Debug|Any CPU
		Release|Any CPU = Release|Any CPU
	EndGlobalSection
	GlobalSection(ProjectConfigurationPlatforms) = postSolution
		{CEC1E4A7-1D2B-4378-A1DC-35A00DA88FC1}.Debug|Any CPU.ActiveCfg = Debug|Any CPU
		{CEC1E4A7-1D2B-4378-A1DC-35A00DA88FC1}.Debug|Any CPU.Build.0 = Debug|Any CPU
		{CEC1E4A7-1D2B-4378-A1DC-35A00DA88FC1}.Release|Any CPU.ActiveCfg = Release|Any CPU
		{CEC1E4A7-1D2B-4378-A1DC-35A00DA88FC1}.Release|Any CPU.Build.0 = Release|Any CPU
	EndGlobalSection
	GlobalSection(SolutionProperties) = preSolution
		HideSolutionNode = FALSE
	EndGlobalSection
	GlobalSection(ExtensibilityGlobals) = postSolution
		SolutionGuid = {676130D4-0DC0-45FF-A3D9-9D0612813275}
	EndGlobalSection
EndGlobal
